<Solution>
  <Folder Name="/src/">
    <Project Path="src/DotNetMcp.Core/DotNetMcp.Core.csproj" />
    <Project Path="src/DotNetMcp.Server/DotNetMcp.Server.csproj" />
    <Project Path="src/DotNetMcp.FSharp/DotNetMcp.FSharp.csproj" />
    <Project Path="src/DotNetMcp.Xaml/DotNetMcp.Xaml.csproj" />
  </Folder>
  <Folder Name="/tests/">
    <Project Path="tests/DotNetMcp.Tests/DotNetMcp.Tests.csproj" />
    <Project Path="tests/fixtures/CustomGenerator/CustomGenerator.csproj" />
  </Folder>
  <Folder Name="/benches/">
    <Project Path="benches/DotNetMcp.Bench/DotNetMcp.Bench.csproj" />
  </Folder>
</Solution>
